# This file is automatically @generated by Cargo.
# It is not intended for manual editing.
version = 4

[[package]]
name = "aead"
version = "0.5.2"
source = "registry+https://github.com/rust-lang/crates.io-index"
checksum = "d122413f284cf2d62fb1b7db97e02edb8cda96d769b16e443a4f6195e35662b0"
dependencies = [
 "crypto-common",
 "generic-array",
]

[[package]]
name = "aes"
version = "0.8.4"
source = "registry+https://github.com/rust-lang/crates.io-index"
checksum = "b169f7a6d4742236a0a00c541b845991d0ac43e546831af1249753ab4c3aa3a0"
dependencies = [
 "cfg-if",
 "cipher",
 "cpufeatures",
]

[[package]]
name = "aes-gcm-siv"
version = "0.11.1"
source = "registry+https://github.com/rust-lang/crates.io-index"
checksum = "ae0784134ba9375416d469ec31e7c5f9fa94405049cf08c5ce5b4698be673e0d"
dependencies = [
 "aead",
 "aes",
 "cipher",
 "ctr",
 "polyval",
 "subtle",
 "zeroize",
]

[[package]]
name = "arrayref"
version = "0.3.9"
source = "registry+https://github.com/rust-lang/crates.io-index"
checksum = "76a2e8124351fda1ef8aaaa3bbd7ebbcb486bbcd4225aca0aa0d84bb2db8fecb"

[[package]]
name = "autocfg"
version = "1.5.1"
source = "registry+https://github.com/rust-lang/crates.io-index"
checksum = "f2032f911046de80f0a198e0901378627c33f59ea0ac00e363d481118bd70a53"

[[package]]
name = "base64"
version = "0.22.1"
source = "registry+https://github.com/rust-lang/crates.io-index"
checksum = "72b3254f16251a8381aa12e40e3c4d2f0199f8c6508fbecb9d91f575e0fbb8c6"

[[package]]
name = "bincode"
version = "1.3.3"
source = "registry+https://github.com/rust-lang/crates.io-index"
checksum = "b1f45e9417d87227c7a56d22e471c6206462cba514c7590c09aff4cf6d1ddcad"
dependencies = [
 "serde",
]

[[package]]
name = "bitflags"
version = "2.13.0"
source = "registry+https://github.com/rust-lang/crates.io-index"
checksum = "b4388bee8683e3d04af747c73422af53102d2bd24d9eadb6cbc100baef4b43f8"

[[package]]
name = "block-buffer"
version = "0.10.4"
source = "registry+https://github.com/rust-lang/crates.io-index"
checksum = "3078c7629b62d3f0439517fa394996acacc5cbc91c5a20d8c658e77abd503a71"
dependencies = [
 "generic-array",
]

[[package]]
name = "borsh"
version = "1.8.1"
source = "registry+https://github.com/rust-lang/crates.io-index"
checksum = "553c5d846a6ba5150c65e3b1b8ec073bcf1abc20f9b7220de384a4443ea4e20a"
dependencies = [
 "borsh-derive",
 "bytes",
 "cfg_aliases",
]

[[package]]
name = "borsh-derive"
version = "1.8.1"
source = "registry+https://github.com/rust-lang/crates.io-index"
checksum = "12cdfe656708a01f89b451a7d36466e6fe6c414de0aa18fc54f864f6f9ca9f56"
dependencies = [
 "once_cell",
 "proc-macro-crate",
 "proc-macro2",
 "quote",
 "syn 3.0.3",
]

[[package]]
name = "bumpalo"
version = "3.20.3"
source = "registry+https://github.com/rust-lang/crates.io-index"
checksum = "72f5acc6cb2ba439de613abc23857ec3d78374d8ed5ac84e9d11336e87da8649"

[[package]]
name = "bytemuck"
version = "1.25.2"
source = "registry+https://github.com/rust-lang/crates.io-index"
checksum = "95832e849adfb21180ccb6826a99da14e5d266ae5c2e668e1602cf234f153797"
dependencies = [
 "bytemuck_derive",
]

[[package]]
name = "bytemuck_derive"
version = "1.12.0"
source = "registry+https://github.com/rust-lang/crates.io-index"
checksum = "fc0e56a716f1e132ff6bf4bdac1c944a3fcdc1cae65f70a4a2a1ac3b401d2d1f"
dependencies = [
 "proc-macro2",
 "quote",
 "syn 3.0.3",
]

[[package]]
name = "byteorder"
version = "1.5.0"
source = "registry+https://github.com/rust-lang/crates.io-index"
checksum = "1fd0f2584146f6f2ef48085050886acf353beff7305ebd1ae69500e27c67f64b"

[[package]]
name = "bytes"
version = "1.12.1"
source = "registry+https://github.com/rust-lang/crates.io-index"
checksum = "fc652a48c352aef3ea3aed32080501cf3ef6ed5da78602a020c991775b0aff04"

[[package]]
name = "cfg-if"
version = "1.0.4"
source = "registry+https://github.com/rust-lang/crates.io-index"
checksum = "9330f8b2ff13f34540b44e946ef35111825727b38d33286ef986142615121801"

[[package]]
name = "cfg_aliases"
version = "0.2.2"
source = "registry+https://github.com/rust-lang/crates.io-index"
checksum = "f079e83a288787bcd14a6aea84cee5c87a67c5a3e660c30f557a3d24761b3527"

[[package]]
name = "cipher"
version = "0.4.4"
source = "registry+https://github.com/rust-lang/crates.io-index"
checksum = "773f3b9af64447d2ce9850330c473515014aa235e6a783b02db81ff39e4a3dad"
dependencies = [
 "crypto-common",
 "inout",
]

[[package]]
name = "cpufeatures"
version = "0.2.17"
source = "registry+https://github.com/rust-lang/crates.io-index"
checksum = "59ed5838eebb26a2bb2e58f6d5b5316989ae9d08bab10e0e6d103e656d1b0280"
dependencies = [
 "libc",
]

[[package]]
name = "crypto-common"
version = "0.1.7"
source = "registry+https://github.com/rust-lang/crates.io-index"
checksum = "78c8292055d1c1df0cce5d180393dc8cce0abec0a7102adb6c7b1eef6016d60a"
dependencies = [
 "generic-array",
 "rand_core",
 "typenum",
]

[[package]]
name = "ctr"
version = "0.9.2"
source = "registry+https://github.com/rust-lang/crates.io-index"
checksum = "0369ee1ad671834580515889b80f2ea915f23b8be8d0daa4bbaf2ac5c7590835"
dependencies = [
 "cipher",
]

[[package]]
name = "curve25519-dalek"
version = "4.1.3"
source = "registry+https://github.com/rust-lang/crates.io-index"
checksum = "97fb8b7c4503de7d6ae7b42ab72a5a59857b4c937ec27a3d4539dba95b5ab2be"
dependencies = [
 "cfg-if",
 "cpufeatures",
 "curve25519-dalek-derive",
 "digest",
 "fiat-crypto",
 "rand_core",
 "rustc_version",
 "serde",
 "subtle",
 "zeroize",
]

[[package]]
name = "curve25519-dalek-derive"
version = "0.1.1"
source = "registry+https://github.com/rust-lang/crates.io-index"
checksum = "f46882e17999c6cc590af592290432be3bce0428cb0d5f8b6715e4dc7b383eb3"
dependencies = [
 "proc-macro2",
 "quote",
 "syn 2.0.119",
]

[[package]]
name = "darling"
version = "0.23.0"
source = "registry+https://github.com/rust-lang/crates.io-index"
checksum = "25ae13da2f202d56bd7f91c25fba009e7717a1e4a1cc98a76d844b65ae912e9d"
dependencies = [
 "darling_core",
 "darling_macro",
]

[[package]]
name = "darling_core"
version = "0.23.0"
source = "registry+https://github.com/rust-lang/crates.io-index"
checksum = "9865a50f7c335f53564bb694ef660825eb8610e0a53d3e11bf1b0d3df31e03b0"
dependencies = [
 "ident_case",
 "proc-macro2",
 "quote",
 "strsim",
 "syn 2.0.119",
]

[[package]]
name = "darling_macro"
version = "0.23.0"
source = "registry+https://github.com/rust-lang/crates.io-index"
checksum = "ac3984ec7bd6cfa798e62b4a642426a5be0e68f9401cfc2a01e3fa9ea2fcdb8d"
dependencies = [
 "darling_core",
 "quote",
 "syn 2.0.119",
]

[[package]]
name = "derivation-path"
version = "0.2.0"
source = "registry+https://github.com/rust-lang/crates.io-index"
checksum = "6e5c37193a1db1d8ed868c03ec7b152175f26160a5b740e5e484143877e0adf0"

[[package]]
name = "digest"
version = "0.10.7"
source = "registry+https://github.com/rust-lang/crates.io-index"
checksum = "9ed9a281f7bc9b7576e61468ba615a66a5c8cfdff42420a70aa82701a3b1e292"
dependencies = [
 "block-buffer",
 "crypto-common",
 "subtle",
]

[[package]]
name = "either"
version = "1.18.0"
source = "registry+https://github.com/rust-lang/crates.io-index"
checksum = "252afb9ae5eaa683babdc6a068b3f5726eb19e05070c731f9b2a23a7c3e8ed34"

[[package]]
name = "equivalent"
version = "1.0.2"
source = "registry+https://github.com/rust-lang/crates.io-index"
checksum = "877a4ace8713b0bcf2a4e7eec82529c029f1d0619886d18145fea96c3ffe5c0f"

[[package]]
name = "fiat-crypto"
version = "0.2.9"
source = "registry+https://github.com/rust-lang/crates.io-index"
checksum = "28dea519a9695b9977216879a3ebfddf92f1c08c05d984f8996aecd6ecdc811d"

[[package]]
name = "five8"
version = "1.0.0"
source = "registry+https://github.com/rust-lang/crates.io-index"
checksum = "23f76610e969fa1784327ded240f1e28a3fd9520c9cec93b636fcf62dd37f772"
dependencies = [
 "five8_core",
]

[[package]]
name = "five8_const"
version = "1.0.0"
source = "registry+https://github.com/rust-lang/crates.io-index"
checksum = "1a0f1728185f277989ca573a402716ae0beaaea3f76a8ff87ef9dd8fb19436c5"
dependencies = [
 "five8_core",
]

[[package]]
name = "five8_core"
version = "1.0.0"
source = "registry+https://github.com/rust-lang/crates.io-index"
checksum = "059c31d7d36c43fe39d89e55711858b4da8be7eb6dabac23c7289b1a19489406"

[[package]]
name = "fnv"
version = "1.0.7"
source = "registry+https://github.com/rust-lang/crates.io-index"
checksum = "3f9eec918d3f24069decb9af1554cad7c880e2da24a9afd88aca000531ab82c1"

[[package]]
name = "futures-core"
version = "0.3.34"
source = "registry+https://github.com/rust-lang/crates.io-index"
checksum = "92d699e522242e69e3003b94ecc1f960f3a5e015aa7c5d7486e65ad01dd94f5e"

[[package]]
name = "futures-task"
version = "0.3.34"
source = "registry+https://github.com/rust-lang/crates.io-index"
checksum = "cd417de3d1d015fc3bfd2b1ea46dfc7bab72ef86f1cc7cc9c78e728b34a6d1fd"

[[package]]
name = "futures-util"
version = "0.3.34"
source = "registry+https://github.com/rust-lang/crates.io-index"
checksum = "0d50a92467f8ba5dd6e3ee5d4bd04d73ab2e4e1c44474a0674821dfce14b79bc"
dependencies = [
 "futures-core",
 "futures-task",
 "pin-project-lite",
 "slab",
]

[[package]]
name = "generic-array"
version = "0.14.7"
source = "registry+https://github.com/rust-lang/crates.io-index"
checksum = "85649ca51fd72272d7821adaf274ad91c288277713d9c18820d8499a7ff69e9a"
dependencies = [
 "typenum",
 "version_check",
]

[[package]]
name = "getrandom"
version = "0.2.17"
source = "registry+https://github.com/rust-lang/crates.io-index"
checksum = "ff2abc00be7fca6ebc474524697ae276ad847ad0a6b3faa4bcb027e9a4614ad0"
dependencies = [
 "cfg-if",
 "js-sys",
 "libc",
 "wasi",
 "wasm-bindgen",
]

[[package]]
name = "hashbrown"
version = "0.17.1"
source = "registry+https://github.com/rust-lang/crates.io-index"
checksum = "ed5909b6e89a2db4456e54cd5f673791d7eca6732202bbf2a9cc504fe2f9b84a"

[[package]]
name = "hmac"
version = "0.12.1"
source = "registry+https://github.com/rust-lang/crates.io-index"
checksum = "6c49c37c09c17a53d937dfbb742eb3a961d65a994e6bcdcf37e7399d0cc8ab5e"
dependencies = [
 "digest",
]

[[package]]
name = "ident_case"
version = "1.0.1"
source = "registry+https://github.com/rust-lang/crates.io-index"
checksum = "b9e0384b61958566e926dc50660321d12159025e767c18e043daf26b70104c39"

[[package]]
name = "indexmap"
version = "2.14.1"
source = "registry+https://github.com/rust-lang/crates.io-index"
checksum = "07aa2048142242915a31d35844fb311e0e53fcca590c3a0a40dcf1b841fa09eb"
dependencies = [
 "equivalent",
 "hashbrown",
]

[[package]]
name = "inout"
version = "0.1.4"
source = "registry+https://github.com/rust-lang/crates.io-index"
checksum = "879f10e63c20629ecabbb64a8010319738c66a5cd0c29b02d63d272b03751d01"
dependencies = [
 "generic-array",
]

[[package]]
name = "itertools"
version = "0.12.1"
source = "registry+https://github.com/rust-lang/crates.io-index"
checksum = "ba291022dbbd398a455acf126c1e341954079855bc60dfdda641363bd6922569"
dependencies = [
 "either",
]

[[package]]
name = "itoa"
version = "1.0.18"
source = "registry+https://github.com/rust-lang/crates.io-index"
checksum = "8f42a60cbdf9a97f5d2305f08a87dc4e09308d1276d28c869c684d7777685682"

[[package]]
name = "js-sys"
version = "0.3.104"
source = "registry+https://github.com/rust-lang/crates.io-index"
checksum = "0e0c1080212aad755ea003d18543e8768dd432c48819efd73a7bf1e39b7a5a3a"
dependencies = [
 "cfg-if",
 "futures-util",
 "wasm-bindgen",
]

[[package]]
name = "keccak"
version = "0.1.6"
source = "registry+https://github.com/rust-lang/crates.io-index"
checksum = "cb26cec98cce3a3d96cbb7bced3c4b16e3d13f27ec56dbd62cbc8f39cfb9d653"
dependencies = [
 "cpufeatures",
]

[[package]]
name = "lazy_static"
version = "1.5.0"
source = "registry+https://github.com/rust-lang/crates.io-index"
checksum = "bbd2bcb4c963f2ddae06a2efc7e9f3591312473c50c6685e1f298068316e66fe"

[[package]]
name = "libc"
version = "0.2.189"
source = "registry+https://github.com/rust-lang/crates.io-index"
checksum = "3eaf3ede3fee6db1a4c2ee091bf8a8b4dccdc6d17f656fb07896ee72867612f2"

[[package]]
name = "lock_api"
version = "0.4.14"
source = "registry+https://github.com/rust-lang/crates.io-index"
checksum = "224399e74b87b5f3557511d98dff8b14089b3dadafcab6bb93eab67d3aace965"
dependencies = [
 "scopeguard",
]

[[package]]
name = "memchr"
version = "2.8.3"
source = "registry+https://github.com/rust-lang/crates.io-index"
checksum = "cf8baf1c55e62ffcace7a9f06f4bd9cd3f0c4beb022d3b367256b91b87513d98"

[[package]]
name = "merlin"
version = "3.0.0"
source = "registry+https://github.com/rust-lang/crates.io-index"
checksum = "58c38e2799fc0978b65dfff8023ec7843e2330bb462f19198840b34b6582397d"
dependencies = [
 "byteorder",
 "keccak",
 "rand_core",
 "zeroize",
]

[[package]]
name = "num-derive"
version = "0.4.2"
source = "registry+https://github.com/rust-lang/crates.io-index"
checksum = "ed3955f1a9c7c0c15e092f9c887db08b1fc683305fdf6eb6684f22555355e202"
dependencies = [
 "proc-macro2",
 "quote",
 "syn 2.0.119",
]

[[package]]
name = "num-traits"
version = "0.2.19"
source = "registry+https://github.com/rust-lang/crates.io-index"
checksum = "071dfc062690e90b734c0b2273ce72ad0ffa95f0c74596bc250dcfd960262841"
dependencies = [
 "autocfg",
]

[[package]]
name = "num_enum"
version = "0.7.6"
source = "registry+https://github.com/rust-lang/crates.io-index"
checksum = "5d0bca838442ec211fa11de3a8b0e0e8f3a4522575b5c4c06ed722e005036f26"
dependencies = [
 "num_enum_derive",
 "rustversion",
]

[[package]]
name = "num_enum_derive"
version = "0.7.6"
source = "registry+https://github.com/rust-lang/crates.io-index"
checksum = "680998035259dcfcafe653688bf2aa6d3e2dc05e98be6ab46afb089dc84f1df8"
dependencies = [
 "proc-macro-crate",
 "proc-macro2",
 "quote",
 "syn 2.0.119",
]

[[package]]
name = "once_cell"
version = "1.21.4"
source = "registry+https://github.com/rust-lang/crates.io-index"
checksum = "9f7c3e4beb33f85d45ae3e3a1792185706c8e16d043238c593331cc7cd313b50"

[[package]]
name = "opaque-debug"
version = "0.3.1"
source = "registry+https://github.com/rust-lang/crates.io-index"
checksum = "c08d65885ee38876c4f86fa503fb49d7b507c2b62552df7c70b2fce627e06381"

[[package]]
name = "parity"
version = "0.0.0"
dependencies = [
 "bytemuck",
 "num-traits",
 "solana-address 2.5.0",
 "solana-instruction",
 "solana-pubkey 3.0.0",
 "solana-zk-elgamal-proof-interface",
 "solana-zk-sdk",
 "spl-token-2022-interface",
 "spl-token-confidential-transfer-proof-extraction",
]

[[package]]
name = "parking_lot"
version = "0.12.5"
source = "registry+https://github.com/rust-lang/crates.io-index"
checksum = "93857453250e3077bd71ff98b6a65ea6621a19bb0f559a85248955ac12c45a1a"
dependencies = [
 "lock_api",
 "parking_lot_core",
]

[[package]]
name = "parking_lot_core"
version = "0.9.12"
source = "registry+https://github.com/rust-lang/crates.io-index"
checksum = "2621685985a2ebf1c516881c026032ac7deafcda1a2c9b7850dc81e3dfcb64c1"
dependencies = [
 "cfg-if",
 "libc",
 "redox_syscall",
 "smallvec",
 "windows-link",
]

[[package]]
name = "pastey"
version = "0.2.3"
source = "registry+https://github.com/rust-lang/crates.io-index"
checksum = "2ee67f1008b1ba2321834326597b8e186293b049a023cdef258527550b9935b4"

[[package]]
name = "pbkdf2"
version = "0.11.0"
source = "registry+https://github.com/rust-lang/crates.io-index"
checksum = "83a0692ec44e4cf1ef28ca317f14f8f07da2d95ec3fa01f86e4467b725e60917"
dependencies = [
 "digest",
]

[[package]]
name = "percent-encoding"
version = "2.3.2"
source = "registry+https://github.com/rust-lang/crates.io-index"
checksum = "9b4f627cb1b25917193a259e49bdad08f671f8d9708acfd5fe0a8c1455d87220"

[[package]]
name = "pin-project-lite"
version = "0.2.17"
source = "registry+https://github.com/rust-lang/crates.io-index"
checksum = "a89322df9ebe1c1578d689c92318e070967d1042b512afbe49518723f4e6d5cd"

[[package]]
name = "polyval"
version = "0.6.2"
source = "registry+https://github.com/rust-lang/crates.io-index"
checksum = "9d1fe60d06143b2430aa532c94cfe9e29783047f06c0d7fd359a9a51b729fa25"
dependencies = [
 "cfg-if",
 "cpufeatures",
 "opaque-debug",
 "universal-hash",
]

[[package]]
name = "ppv-lite86"
version = "0.2.21"
source = "registry+https://github.com/rust-lang/crates.io-index"
checksum = "85eae3c4ed2f50dcfe72643da4befc30deadb458a9b590d720cde2f2b1e97da9"
dependencies = [
 "zerocopy",
]

[[package]]
name = "proc-macro-crate"
version = "3.5.0"
source = "registry+https://github.com/rust-lang/crates.io-index"
checksum = "e67ba7e9b2b56446f1d419b1d807906278ffa1a658a8a5d8a39dcb1f5a78614f"
dependencies = [
 "toml_edit",
]

[[package]]
name = "proc-macro2"
version = "1.0.107"
source = "registry+https://github.com/rust-lang/crates.io-index"
checksum = "985e7ec9bb745e6ce6535b544d84d6cd6f7ad8bd711c398938ae983b91a766d9"
dependencies = [
 "unicode-ident",
]

[[package]]
name = "qstring"
version = "0.7.2"
source = "registry+https://github.com/rust-lang/crates.io-index"
checksum = "d464fae65fff2680baf48019211ce37aaec0c78e9264c84a3e484717f965104e"
dependencies = [
 "percent-encoding",
]

[[package]]
name = "quote"
version = "1.0.47"
source = "registry+https://github.com/rust-lang/crates.io-index"
checksum = "1fbf4db142a473a8d80c26bbf18454ed458bf8d26c8219c331daecfdbd079001"
dependencies = [
 "proc-macro2",
]

[[package]]
name = "rand"
version = "0.8.8"
source = "registry+https://github.com/rust-lang/crates.io-index"
checksum = "e058c7de0b26af77780c769414d6257830bb240f3c38477dbc2c16e5f54d6d4c"
dependencies = [
 "libc",
 "rand_chacha",
 "rand_core",
]

[[package]]
name = "rand_chacha"
version = "0.3.1"
source = "registry+https://github.com/rust-lang/crates.io-index"
checksum = "e6c10a63a0fa32252be49d21e7709d4d4baf8d231c2dbce1eaa8141b9b127d88"
dependencies = [
 "ppv-lite86",
 "rand_core",
]

[[package]]
name = "rand_core"
version = "0.6.4"
source = "registry+https://github.com/rust-lang/crates.io-index"
checksum = "ec0be4795e2f6a28069bec0b5ff3e2ac9bafc99e6a9a7dc3547996c5c816922c"
dependencies = [
 "getrandom",
]

[[package]]
name = "redox_syscall"
version = "0.5.18"
source = "registry+https://github.com/rust-lang/crates.io-index"
checksum = "ed2bf2547551a7053d6fdfafda3f938979645c44812fbfcda098faae3f1a362d"
dependencies = [
 "bitflags",
]

[[package]]
name = "rustc_version"
version = "0.4.1"
source = "registry+https://github.com/rust-lang/crates.io-index"
checksum = "cfcb3a22ef46e85b45de6ee7e79d063319ebb6594faafcf1c225ea92ab6e9b92"
dependencies = [
 "semver",
]

[[package]]
name = "rustversion"
version = "1.0.23"
source = "registry+https://github.com/rust-lang/crates.io-index"
checksum = "cf54715a573b99ac80df0bc206da022bcd442c974952c7b9720069370852e21f"

[[package]]
name = "scopeguard"
version = "1.2.0"
source = "registry+https://github.com/rust-lang/crates.io-index"
checksum = "94143f37725109f92c262ed2cf5e59bce7498c01bcc1502d7b9afe439a4e9f49"

[[package]]
name = "semver"
version = "1.0.28"
source = "registry+https://github.com/rust-lang/crates.io-index"
checksum = "8a7852d02fc848982e0c167ef163aaff9cd91dc640ba85e263cb1ce46fae51cd"

[[package]]
name = "serde"
version = "1.0.229"
source = "registry+https://github.com/rust-lang/crates.io-index"
checksum = "4148590afebada386688f18773da617792bf2ef03ffc1e4cbd2b1d45b023e0ba"
dependencies = [
 "serde_core",
 "serde_derive",
]

[[package]]
name = "serde_core"
version = "1.0.229"
source = "registry+https://github.com/rust-lang/crates.io-index"
checksum = "67dca2c9c51e58a4791a4b1ed58308b39c64224d349a935ab5039aa360942a48"
dependencies = [
 "serde_derive",
]

[[package]]
name = "serde_derive"
version = "1.0.229"
source = "registry+https://github.com/rust-lang/crates.io-index"
checksum = "e7a5d71263a5a7d47b41f6b3f06ba276f10cc18b0931f1799f710578e2309348"
dependencies = [
 "proc-macro2",
 "quote",
 "syn 3.0.3",
]

[[package]]
name = "serde_json"
version = "1.0.151"
source = "registry+https://github.com/rust-lang/crates.io-index"
checksum = "c841b55ecdae098c80dcae9cf767f6f8a0c2cdb3416bbef72181df4d0fe73f14"
dependencies = [
 "itoa",
 "memchr",
 "serde",
 "serde_core",
 "zmij",
]

[[package]]
name = "sha2"
version = "0.10.9"
source = "registry+https://github.com/rust-lang/crates.io-index"
checksum = "a7507d819769d01a365ab707794a4084392c824f54a7a6a7862f8c3d0892b283"
dependencies = [
 "cfg-if",
 "cpufeatures",
 "digest",
]

[[package]]
name = "sha2-const-stable"
version = "0.1.0"
source = "registry+https://github.com/rust-lang/crates.io-index"
checksum = "5f179d4e11094a893b82fff208f74d448a7512f99f5a0acbd5c679b705f83ed9"

[[package]]
name = "sha3"
version = "0.10.9"
source = "registry+https://github.com/rust-lang/crates.io-index"
checksum = "77fd7028345d415a4034cf8777cd4f8ab1851274233b45f84e3d955502d93874"
dependencies = [
 "digest",
 "keccak",
]

[[package]]
name = "slab"
version = "0.4.12"
source = "registry+https://github.com/rust-lang/crates.io-index"
checksum = "0c790de23124f9ab44544d7ac05d60440adc586479ce501c1d6d7da3cd8c9cf5"

[[package]]
name = "smallvec"
version = "1.15.2"
source = "registry+https://github.com/rust-lang/crates.io-index"
checksum = "8ed6a63f02c8539c91a8685a86f4099661ba3da017932f6ebbea6de3f0fa7c90"

[[package]]
name = "solana-account-info"
version = "3.1.1"
source = "registry+https://github.com/rust-lang/crates.io-index"
checksum = "a9cf16495d9eb53e3d04e72366a33bb1c20c24e78c171d8b8f5978357b63ae95"
dependencies = [
 "solana-address 2.5.0",
 "solana-program-error",
 "solana-program-memory",
]

[[package]]
name = "solana-address"
version = "1.1.0"
source = "registry+https://github.com/rust-lang/crates.io-index"
checksum = "a2ecac8e1b7f74c2baa9e774c42817e3e75b20787134b76cc4d45e8a604488f5"
dependencies = [
 "solana-address 2.5.0",
]

[[package]]
name = "solana-address"
version = "2.5.0"
source = "registry+https://github.com/rust-lang/crates.io-index"
checksum = "5f08236dacd0e6dc8234becef58e27c8567856644ef509d7e97957d55a91dc72"
dependencies = [
 "borsh",
 "bytemuck",
 "bytemuck_derive",
 "five8",
 "five8_const",
 "serde",
 "sha2-const-stable",
 "solana-atomic-u64",
 "solana-define-syscall 5.1.0",
 "solana-program-error",
 "solana-sanitize",
 "solana-sha256-hasher",
 "wincode",
]

[[package]]
name = "solana-atomic-u64"
version = "3.0.1"
source = "registry+https://github.com/rust-lang/crates.io-index"
checksum = "085db4906d89324cef2a30840d59eaecf3d4231c560ec7c9f6614a93c652f501"
dependencies = [
 "parking_lot",
]

[[package]]
name = "solana-borsh"
version = "3.0.2"
source = "registry+https://github.com/rust-lang/crates.io-index"
checksum = "c04abbae16f57178a163125805637b8a076175bb5c0002fb04f4792bea901cf7"
dependencies = [
 "borsh",
]

[[package]]
name = "solana-curve25519"
version = "3.1.14"
source = "registry+https://github.com/rust-lang/crates.io-index"
checksum = "5aff7432cdf2ec6a44ac06b4d64d2ee006f6c0066d6456e032a7fe25be40cd5c"
dependencies = [
 "bytemuck",
 "bytemuck_derive",
 "curve25519-dalek",
 "solana-define-syscall 3.0.0",
 "subtle",
 "thiserror 2.0.20",
]

[[package]]
name = "solana-define-syscall"
version = "3.0.0"
source = "registry+https://github.com/rust-lang/crates.io-index"
checksum = "f9697086a4e102d28a156b8d6b521730335d6951bd39a5e766512bbe09007cee"

[[package]]
name = "solana-define-syscall"
version = "4.0.1"
source = "registry+https://github.com/rust-lang/crates.io-index"
checksum = "57e5b1c0bc1d4a4d10c88a4100499d954c09d3fecfae4912c1a074dff68b1738"

[[package]]
name = "solana-define-syscall"
version = "5.1.0"
source = "registry+https://github.com/rust-lang/crates.io-index"
checksum = "21e14a4f604117f379840956a8fc8695e4c84f5b0ebed192f31f60d9b85d581d"

[[package]]
name = "solana-derivation-path"
version = "3.0.0"
source = "registry+https://github.com/rust-lang/crates.io-index"
checksum = "ff71743072690fdbdfcdc37700ae1cb77485aaad49019473a81aee099b1e0b8c"
dependencies = [
 "derivation-path",
 "qstring",
 "uriparse",
]

[[package]]
name = "solana-hash"
version = "4.4.0"
source = "registry+https://github.com/rust-lang/crates.io-index"
checksum = "fe51db00ac3aa9f950d1e6201a126acfa26e6d81bc4a183ba64ec02effcad883"

[[package]]
name = "solana-instruction"
version = "3.0.0"
source = "registry+https://github.com/rust-lang/crates.io-index"
checksum = "8df4e8fcba01d7efa647ed20a081c234475df5e11a93acb4393cc2c9a7b99bab"
dependencies = [
 "solana-define-syscall 3.0.0",
 "solana-instruction-error",
 "solana-pubkey 3.0.0",
]

[[package]]
name = "solana-instruction-error"
version = "2.5.0"
source = "registry+https://github.com/rust-lang/crates.io-index"
checksum = "e8e7db78c122d02189619490b1fef04a2a042c389662920617c0e6381fdf8fdd"
dependencies = [
 "num-traits",
 "solana-program-error",
]

[[package]]
name = "solana-instructions-sysvar"
version = "3.0.0"
source = "registry+https://github.com/rust-lang/crates.io-index"
checksum = "7ddf67876c541aa1e21ee1acae35c95c6fbc61119814bfef70579317a5e26955"
dependencies = [
 "bitflags",
 "solana-account-info",
 "solana-instruction",
 "solana-instruction-error",
 "solana-program-error",
 "solana-pubkey 3.0.0",
 "solana-sanitize",
 "solana-sdk-ids",
 "solana-serialize-utils",
 "solana-sysvar-id",
]

[[package]]
name = "solana-msg"
version = "3.1.0"
source = "registry+https://github.com/rust-lang/crates.io-index"
checksum = "726b7cbbc6be6f1c6f29146ac824343b9415133eee8cce156452ad1db93f8008"
dependencies = [
 "solana-define-syscall 5.1.0",
]

[[package]]
name = "solana-nullable"
version = "1.3.0"
source = "registry+https://github.com/rust-lang/crates.io-index"
checksum = "889194d8c5faec648f2f6fadddb60566249921ebb074e2707e7095458d5864e2"

[[package]]
name = "solana-program-error"
version = "3.0.1"
source = "registry+https://github.com/rust-lang/crates.io-index"
checksum = "4f04fa578707b3612b095f0c8e19b66a1233f7c42ca8082fcb3b745afcc0add6"
dependencies = [
 "borsh",
]

[[package]]
name = "solana-program-memory"
version = "3.1.0"
source = "registry+https://github.com/rust-lang/crates.io-index"
checksum = "4068648649653c2c50546e9a7fb761791b5ab0cda054c771bb5808d3a4b9eb52"
dependencies = [
 "solana-define-syscall 4.0.1",
]

[[package]]
name = "solana-program-option"
version = "3.1.0"
source = "registry+https://github.com/rust-lang/crates.io-index"
checksum = "7a88006a9b8594088cec9027ab77caaaa258a2aaa2083d3f086c44b42e50aeab"

[[package]]
name = "solana-program-pack"
version = "3.1.0"
source = "registry+https://github.com/rust-lang/crates.io-index"
checksum = "3d7701cb15b90667ae1c89ef4ac35a59c61e66ce58ddee13d729472af7f41d59"
dependencies = [
 "solana-program-error",
]

[[package]]
name = "solana-pubkey"
version = "3.0.0"
source = "registry+https://github.com/rust-lang/crates.io-index"
checksum = "8909d399deb0851aa524420beeb5646b115fd253ef446e35fe4504c904da3941"
dependencies = [
 "solana-address 1.1.0",
]

[[package]]
name = "solana-pubkey"
version = "4.2.0"
source = "registry+https://github.com/rust-lang/crates.io-index"
checksum = "7db719574990de7e8b0f55a8593ac92a5ccb42c8ce67b3e4bf05b139d5d9ee71"
dependencies = [
 "solana-address 2.5.0",
]

[[package]]
name = "solana-sanitize"
version = "3.0.1"
source = "registry+https://github.com/rust-lang/crates.io-index"
checksum = "dcf09694a0fc14e5ffb18f9b7b7c0f15ecb6eac5b5610bf76a1853459d19daf9"

[[package]]
name = "solana-sdk-ids"
version = "3.1.0"
source = "registry+https://github.com/rust-lang/crates.io-index"
checksum = "def234c1956ff616d46c9dd953f251fa7096ddbaa6d52b165218de97882b7280"
dependencies = [
 "solana-address 2.5.0",
]

[[package]]
name = "solana-seed-derivable"
version = "3.0.0"
source = "registry+https://github.com/rust-lang/crates.io-index"
checksum = "ff7bdb72758e3bec33ed0e2658a920f1f35dfb9ed576b951d20d63cb61ecd95c"
dependencies = [
 "solana-derivation-path",
]

[[package]]
name = "solana-seed-phrase"
version = "3.0.0"
source = "registry+https://github.com/rust-lang/crates.io-index"
checksum = "dc905b200a95f2ea9146e43f2a7181e3aeb55de6bc12afb36462d00a3c7310de"
dependencies = [
 "hmac",
 "pbkdf2",
 "sha2",
]

[[package]]
name = "solana-serialize-utils"
version = "3.1.2"
source = "registry+https://github.com/rust-lang/crates.io-index"
checksum = "761357b0853c9623bf12c1d2314b3d6160a85b087b84c45224fb85766d22616b"
dependencies = [
 "solana-instruction-error",
 "solana-pubkey 4.2.0",
 "solana-sanitize",
]

[[package]]
name = "solana-sha256-hasher"
version = "3.1.0"
source = "registry+https://github.com/rust-lang/crates.io-index"
checksum = "db7dc3011ea4c0334aaaa7e7128cb390ecf546b28d412e9bf2064680f57f588f"
dependencies = [
 "sha2",
 "solana-define-syscall 4.0.1",
 "solana-hash",
]

[[package]]
name = "solana-signature"
version = "3.5.2"
source = "registry+https://github.com/rust-lang/crates.io-index"
checksum = "fe45ce95700ac8045e422344b88e273843d70185873cc1cc880ba06dd9fa9002"
dependencies = [
 "five8",
 "solana-sanitize",
]

[[package]]
name = "solana-signer"
version = "3.0.1"
source = "registry+https://github.com/rust-lang/crates.io-index"
checksum = "520bd6021163ee517f4bdc7ae03ded904f97e11320001ba0b3355f45eb14f558"
dependencies = [
 "solana-pubkey 4.2.0",
 "solana-signature",
 "solana-transaction-error",
]

[[package]]
name = "solana-sysvar-id"
version = "3.1.0"
source = "registry+https://github.com/rust-lang/crates.io-index"
checksum = "17358d1e9a13e5b9c2264d301102126cf11a47fd394cdf3dec174fe7bc96e1de"
dependencies = [
 "solana-address 2.5.0",
 "solana-sdk-ids",
]

[[package]]
name = "solana-transaction-error"
version = "3.4.0"
source = "registry+https://github.com/rust-lang/crates.io-index"
checksum = "8a37cf28c58b03878d38c38411f0414d3a99a9e3b7e5ebb0f83f3317b2796d18"
dependencies = [
 "solana-instruction-error",
 "solana-sanitize",
]

[[package]]
name = "solana-zero-copy"
version = "1.2.0"
source = "registry+https://github.com/rust-lang/crates.io-index"
checksum = "bd3183a7934dd7e6490ae86732616cd70361f5ab9401b9a375ab62f7fa17b112"
dependencies = [
 "borsh",
 "bytemuck",
 "bytemuck_derive",
]

[[package]]
name = "solana-zk-elgamal-proof-interface"
version = "0.1.3"
source = "registry+https://github.com/rust-lang/crates.io-index"
checksum = "d8da7f01db2148a1dc16261ff1dc6f3930a1e255a33cece4f1b56658694f27f7"
dependencies = [
 "bytemuck",
 "bytemuck_derive",
 "num-derive",
 "num-traits",
 "solana-address 2.5.0",
 "solana-instruction",
 "solana-sdk-ids",
 "solana-zk-sdk-pod",
]

[[package]]
name = "solana-zk-sdk"
version = "4.0.0"
source = "registry+https://github.com/rust-lang/crates.io-index"
checksum = "9602bcb1f7af15caef92b91132ec2347e1c51a72ecdbefdaefa3eac4b8711475"
dependencies = [
 "aes-gcm-siv",
 "base64",
 "bincode",
 "bytemuck",
 "bytemuck_derive",
 "curve25519-dalek",
 "getrandom",
 "itertools",
 "js-sys",
 "merlin",
 "num-derive",
 "num-traits",
 "rand",
 "serde",
 "serde_derive",
 "serde_json",
 "sha3",
 "solana-derivation-path",
 "solana-instruction",
 "solana-pubkey 3.0.0",
 "solana-sdk-ids",
 "solana-seed-derivable",
 "solana-seed-phrase",
 "solana-signature",
 "solana-signer",
 "subtle",
 "thiserror 2.0.20",
 "wasm-bindgen",
 "zeroize",
]

[[package]]
name = "solana-zk-sdk-pod"
version = "0.1.2"
source = "registry+https://github.com/rust-lang/crates.io-index"
checksum = "a800583b7a4cea3e851686af162cc6e4712eef97fa91dfa9aca2459b95c84777"
dependencies = [
 "base64",
 "bytemuck",
 "bytemuck_derive",
 "solana-nullable",
 "thiserror 2.0.20",
]

[[package]]
name = "spl-discriminator"
version = "0.5.2"
source = "registry+https://github.com/rust-lang/crates.io-index"
checksum = "e597c5ff9ed7c74a54dbc47bae2f06e4db8c98f4356ad280200dc11878266db1"
dependencies = [
 "bytemuck",
 "solana-program-error",
 "solana-sha256-hasher",
 "spl-discriminator-derive",
]

[[package]]
name = "spl-discriminator-derive"
version = "0.2.0"
source = "registry+https://github.com/rust-lang/crates.io-index"
checksum = "d9e8418ea6269dcfb01c712f0444d2c75542c04448b480e87de59d2865edc750"
dependencies = [
 "quote",
 "spl-discriminator-syn",
 "syn 2.0.119",
]

[[package]]
name = "spl-discriminator-syn"
version = "0.2.1"
source = "registry+https://github.com/rust-lang/crates.io-index"
checksum = "5d1dbc82ab91422345b6df40a79e2b78c7bce1ebb366da323572dd60b7076b67"
dependencies = [
 "proc-macro2",
 "quote",
 "sha2",
 "syn 2.0.119",
 "thiserror 1.0.69",
]

[[package]]
name = "spl-pod"
version = "0.7.4"
source = "registry+https://github.com/rust-lang/crates.io-index"
checksum = "4efaa79ec81a614ae4263c92481ba1444d01e5e1efcdaf92b7f48a5b1b3e282d"
dependencies = [
 "borsh",
 "bytemuck",
 "bytemuck_derive",
 "num-derive",
 "num-traits",
 "num_enum",
 "solana-program-error",
 "solana-program-option",
 "solana-pubkey 3.0.0",
 "solana-zero-copy",
 "solana-zk-sdk",
 "thiserror 2.0.20",
]

[[package]]
name = "spl-token-2022-interface"
version = "2.1.0"
source = "registry+https://github.com/rust-lang/crates.io-index"
checksum = "2fcd81188211f4b3c8a5eba7fd534c7142f9dd026123b3472492782cc72f4dc6"
dependencies = [
 "arrayref",
 "bytemuck",
 "num-derive",
 "num-traits",
 "num_enum",
 "solana-account-info",
 "solana-instruction",
 "solana-program-error",
 "solana-program-option",
 "solana-program-pack",
 "solana-pubkey 3.0.0",
 "solana-sdk-ids",
 "solana-zk-sdk",
 "spl-pod",
 "spl-token-confidential-transfer-proof-extraction",
 "spl-token-confidential-transfer-proof-generation",
 "spl-token-group-interface",
 "spl-token-metadata-interface",
 "spl-type-length-value",
 "thiserror 2.0.20",
]

[[package]]
name = "spl-token-confidential-transfer-proof-extraction"
version = "0.5.1"
source = "registry+https://github.com/rust-lang/crates.io-index"
checksum = "879a9ebad0d77383d3ea71e7de50503554961ff0f4ef6cbca39ad126e6f6da3a"
dependencies = [
 "bytemuck",
 "solana-account-info",
 "solana-curve25519",
 "solana-instruction",
 "solana-instructions-sysvar",
 "solana-msg",
 "solana-program-error",
 "solana-pubkey 3.0.0",
 "solana-sdk-ids",
 "solana-zk-sdk",
 "spl-pod",
 "thiserror 2.0.20",
]

[[package]]
name = "spl-token-confidential-transfer-proof-generation"
version = "0.5.1"
source = "registry+https://github.com/rust-lang/crates.io-index"
checksum = "a0cd59fce3dc00f563c6fa364d67c3f200d278eae681f4dc250240afcfe044b1"
dependencies = [
 "curve25519-dalek",
 "solana-zk-sdk",
 "thiserror 2.0.20",
]

[[package]]
name = "spl-token-group-interface"
version = "0.7.1"
source = "registry+https://github.com/rust-lang/crates.io-index"
checksum = "452d0f758af20caaa10d9a6f7608232e000d4c74462f248540b3d2ddfa419776"
dependencies = [
 "bytemuck",
 "num-derive",
 "num-traits",
 "num_enum",
 "solana-instruction",
 "solana-program-error",
 "solana-pubkey 3.0.0",
 "spl-discriminator",
 "spl-pod",
 "thiserror 2.0.20",
]

[[package]]
name = "spl-token-metadata-interface"
version = "0.8.0"
source = "registry+https://github.com/rust-lang/crates.io-index"
checksum = "9c467c7c3bd056f8fe60119e7ec34ddd6f23052c2fa8f1f51999098063b72676"
dependencies = [
 "borsh",
 "num-derive",
 "num-traits",
 "solana-borsh",
 "solana-instruction",
 "solana-program-error",
 "solana-pubkey 3.0.0",
 "spl-discriminator",
 "spl-pod",
 "spl-type-length-value",
 "thiserror 2.0.20",
]

[[package]]
name = "spl-type-length-value"
version = "0.9.1"
source = "registry+https://github.com/rust-lang/crates.io-index"
checksum = "2504631748c48d2a937414d64a12dcac4588d34bd07d355d648619c189d29435"
dependencies = [
 "bytemuck",
 "num-derive",
 "num-traits",
 "num_enum",
 "solana-account-info",
 "solana-program-error",
 "solana-zero-copy",
 "spl-discriminator",
 "thiserror 2.0.20",
]

[[package]]
name = "strsim"
version = "0.11.1"
source = "registry+https://github.com/rust-lang/crates.io-index"
checksum = "7da8b5736845d9f2fcb837ea5d9e2628564b3b043a70948a3f0b778838c5fb4f"

[[package]]
name = "subtle"
version = "2.6.1"
source = "registry+https://github.com/rust-lang/crates.io-index"
checksum = "13c2bddecc57b384dee18652358fb23172facb8a2c51ccc10d74c157bdea3292"

[[package]]
name = "syn"
version = "2.0.119"
source = "registry+https://github.com/rust-lang/crates.io-index"
checksum = "872831b642d1a07999a962a351ed35b955ea2cfc8f3862091e2a240a84f17297"
dependencies = [
 "proc-macro2",
 "quote",
 "unicode-ident",
]

[[package]]
name = "syn"
version = "3.0.3"
source = "registry+https://github.com/rust-lang/crates.io-index"
checksum = "53e9bae58849f64dfa4f5d5ae372c8341f7305f82a3868709269343628b659a3"
dependencies = [
 "proc-macro2",
 "quote",
 "unicode-ident",
]

[[package]]
name = "thiserror"
version = "1.0.69"
source = "registry+https://github.com/rust-lang/crates.io-index"
checksum = "b6aaf5339b578ea85b50e080feb250a3e8ae8cfcdff9a461c9ec2904bc923f52"
dependencies = [
 "thiserror-impl 1.0.69",
]

[[package]]
name = "thiserror"
version = "2.0.20"
source = "registry+https://github.com/rust-lang/crates.io-index"
checksum = "ec86235f5fcc2a73650310756d2ac5b138a5780bbbdfae3eeccec992c435ba4f"
dependencies = [
 "thiserror-impl 2.0.20",
]

[[package]]
name = "thiserror-impl"
version = "1.0.69"
source = "registry+https://github.com/rust-lang/crates.io-index"
checksum = "4fee6c4efc90059e10f81e6d42c60a18f76588c3d74cb83a0b242a2b6c7504c1"
dependencies = [
 "proc-macro2",
 "quote",
 "syn 2.0.119",
]

[[package]]
name = "thiserror-impl"
version = "2.0.20"
source = "registry+https://github.com/rust-lang/crates.io-index"
checksum = "bc04cd3e1236dd4a98afca4569f2deb3f120e5422a4023be2cb683f8486292af"
dependencies = [
 "proc-macro2",
 "quote",
 "syn 3.0.3",
]

[[package]]
name = "toml_datetime"
version = "1.1.1+spec-1.1.0"
source = "registry+https://github.com/rust-lang/crates.io-index"
checksum = "3165f65f62e28e0115a00b2ebdd37eb6f3b641855f9d636d3cd4103767159ad7"
dependencies = [
 "serde_core",
]

[[package]]
name = "toml_edit"
version = "0.25.13+spec-1.1.0"
source = "registry+https://github.com/rust-lang/crates.io-index"
checksum = "6975367e4d2ef766d86af01ffad14b622fecc8d4357a998fbc4deb6e9bacaf9b"
dependencies = [
 "indexmap",
 "toml_datetime",
 "toml_parser",
 "winnow",
]

[[package]]
name = "toml_parser"
version = "1.1.3+spec-1.1.0"
source = "registry+https://github.com/rust-lang/crates.io-index"
checksum = "1d38ac1cf9b95face32296c0a3ede1fdc270627c9d9c02a7274dd6d960dc4d56"
dependencies = [
 "winnow",
]

[[package]]
name = "typenum"
version = "1.20.1"
source = "registry+https://github.com/rust-lang/crates.io-index"
checksum = "b6f5e870be6c3b371b77fe0ee0bafb859fa4964b4404c27de1d380043c4dda20"

[[package]]
name = "unicode-ident"
version = "1.0.24"
source = "registry+https://github.com/rust-lang/crates.io-index"
checksum = "e6e4313cd5fcd3dad5cafa179702e2b244f760991f45397d14d4ebf38247da75"

[[package]]
name = "universal-hash"
version = "0.5.1"
source = "registry+https://github.com/rust-lang/crates.io-index"
checksum = "fc1de2c688dc15305988b563c3854064043356019f97a4b46276fe734c4f07ea"
dependencies = [
 "crypto-common",
 "subtle",
]

[[package]]
name = "uriparse"
version = "0.6.4"
source = "registry+https://github.com/rust-lang/crates.io-index"
checksum = "0200d0fc04d809396c2ad43f3c95da3582a2556eba8d453c1087f4120ee352ff"
dependencies = [
 "fnv",
 "lazy_static",
]

[[package]]
name = "version_check"
version = "0.9.5"
source = "registry+https://github.com/rust-lang/crates.io-index"
checksum = "0b928f33d975fc6ad9f86c8f283853ad26bdd5b10b7f1542aa2fa15e2289105a"

[[package]]
name = "wasi"
version = "0.11.1+wasi-snapshot-preview1"
source = "registry+https://github.com/rust-lang/crates.io-index"
checksum = "ccf3ec651a847eb01de73ccad15eb7d99f80485de043efb2f370cd654f4ea44b"

[[package]]
name = "wasm-bindgen"
version = "0.2.127"
source = "registry+https://github.com/rust-lang/crates.io-index"
checksum = "1b70935747edd64d89de3efa29d73789b806c15798f8e7dca4d8ac356b50ce70"
dependencies = [
 "cfg-if",
 "once_cell",
 "rustversion",
 "wasm-bindgen-macro",
 "wasm-bindgen-shared",
]

[[package]]
name = "wasm-bindgen-macro"
version = "0.2.127"
source = "registry+https://github.com/rust-lang/crates.io-index"
checksum = "77775f8f3f7217702089053b94958f8f54061a3f663417df76e19cbdcca29bc1"
dependencies = [
 "quote",
 "wasm-bindgen-macro-support",
]

[[package]]
name = "wasm-bindgen-macro-support"
version = "0.2.127"
source = "registry+https://github.com/rust-lang/crates.io-index"
checksum = "e11d33f857dc2fb11b8bc75aee111aa9cbeb12cd9f25efd3d4c2a3dd4e235284"
dependencies = [
 "bumpalo",
 "proc-macro2",
 "quote",
 "syn 2.0.119",
 "wasm-bindgen-shared",
]

[[package]]
name = "wasm-bindgen-shared"
version = "0.2.127"
source = "registry+https://github.com/rust-lang/crates.io-index"
checksum = "7ef64dbcc55df09c7e5a46182d181c2cfa3e925f3da937ea764728b4bbb9dcbf"
dependencies = [
 "unicode-ident",
]

[[package]]
name = "wincode"
version = "0.4.9"
source = "registry+https://github.com/rust-lang/crates.io-index"
checksum = "657690780ce23e6f66576a782ffd88eb353512381817029cc1d7a99154bb6d1f"
dependencies = [
 "pastey",
 "proc-macro2",
 "quote",
 "thiserror 2.0.20",
 "wincode-derive",
]

[[package]]
name = "wincode-derive"
version = "0.4.6"
source = "registry+https://github.com/rust-lang/crates.io-index"
checksum = "15ab90b719560d0fda79c74550ad1c948d17b118765942838055ebaf34d67071"
dependencies = [
 "darling",
 "proc-macro2",
 "quote",
 "syn 2.0.119",
]

[[package]]
name = "windows-link"
version = "0.2.1"
source = "registry+https://github.com/rust-lang/crates.io-index"
checksum = "f0805222e57f7521d6a62e36fa9163bc891acd422f971defe97d64e70d0a4fe5"

[[package]]
name = "winnow"
version = "1.0.4"
source = "registry+https://github.com/rust-lang/crates.io-index"
checksum = "23b97319f7b8343df12cc98938e5c3eb436064524c8d2b4e30a1d3a36eecdf81"
dependencies = [
 "memchr",
]

[[package]]
name = "zerocopy"
version = "0.8.56"
source = "registry+https://github.com/rust-lang/crates.io-index"
checksum = "556764e583adb45a9f8d413c2a147fa7e8d821e48e12b14fd560b607998b75eb"
dependencies = [
 "zerocopy-derive",
]

[[package]]
name = "zerocopy-derive"
version = "0.8.56"
source = "registry+https://github.com/rust-lang/crates.io-index"
checksum = "f2ab42fc20575779bd240faa45f94a74256f755c0fa9e89f0ede20d91d0cdfc1"
dependencies = [
 "proc-macro2",
 "quote",
 "syn 2.0.119",
]

[[package]]
name = "zeroize"
version = "1.9.0"
source = "registry+https://github.com/rust-lang/crates.io-index"
checksum = "e13c156562582aa81c60cb29407084cdb54c4164760106ab78e6c5b0858cf64e"
dependencies = [
 "zeroize_derive",
]

[[package]]
name = "zeroize_derive"
version = "1.5.0"
source = "registry+https://github.com/rust-lang/crates.io-index"
checksum = "3c50655cbb0fe3fc43170059e702f1ce5e19b84cec58dc87b037a09935c2f328"
dependencies = [
 "proc-macro2",
 "quote",
 "syn 2.0.119",
]

[[package]]
name = "zmij"
version = "1.0.23"
source = "registry+https://github.com/rust-lang/crates.io-index"
checksum = "29666d0abbfad1e3dc4dcf6144730dd3a3ab225bbbdac83319345b1b44ccfc1b"
